uuid: 655a14c4-0e47-45d3-af6b-193962bf6c7b
langcode: en
status: true
dependencies:
  module:
    - hello_world
  theme:
    - olivero
id: olivero_helloworldmenublock
theme: olivero
region: secondary_menu
weight: -8
provider: null
plugin: hello_world_menu_block
settings:
  id: hello_world_menu_block
  label: 'Hello World Menu Block'
  label_display: visible
  provider: hello_world
visibility: {  }
