uuid: 6a345b83-8d49-4ca3-b7ba-c70b664f2b70
langcode: en
status: true
dependencies:
  module:
    - block_class
    - node
    - vactory_cross_content
  theme:
    - vactory
third_party_settings:
  block_class:
    classes: container
id: crosscontentblock
theme: vactory
region: footer
weight: -4
provider: null
plugin: vactory_cross_content
settings:
  id: vactory_cross_content
  label: 'Cross Content Block'
  label_display: visible
  provider: vactory_cross_content
  view_mode: vactory_views_slider
  more_link: ''
  more_link_label: ''
  nombre_elements: '3'
  display_mode: card
  view_options:
    vactory_views_slider_options:
      row_class: ''
      default_row_class: 1
      uses_fields: 0
      slidesToShow: '1'
      slidesToScroll: '1'
      speed: '800'
      infinite: 1
      dots: 1
      arrows: 1
      centerMode: 0
      cssEase: 'cubic-bezier(0.585, -0.005, 0.635, 0.920)'
      responsive:
        settings:
          slidesToShow: '2'
          slidesToScroll: '2'
          dots: 1
          arrows: 0
          centerMode: 0
  title: ''
visibility:
  'entity_bundle:node':
    id: 'entity_bundle:node'
    negate: false
    context_mapping:
      node: '@node.node_route_context:node'
    bundles:
      vactory_academy: vactory_academy
