uuid: af03bc3e-5611-4667-8c17-0135035acc41
langcode: en
status: true
dependencies:
  module:
    - block_class
    - ctools
    - vactory_cross_content
  theme:
    - amptheme
third_party_settings:
  block_class:
    classes: container
id: amptheme_crosscontentblock
theme: amptheme
region: footer
weight: -4
provider: null
plugin: vactory_cross_content
settings:
  id: vactory_cross_content
  label: 'Cross Content Block'
  label_display: visible
  provider: vactory_cross_content
  view_mode: vactory_views_grid
  more_link: ''
  more_link_label: ''
  nombre_elements: '3'
  display_mode: card
  view_options:
    vactory_views_grid_options:
      uses_fields: 0
      xs: col-xs-12
      sm: col-sm-12
      md: col-md-4
      lg: col-lg-4
      wrapper_class_custom: eq-height
      row_class_default: 1
      row_class_custom: ''
visibility:
  'entity_bundle:node':
    id: 'entity_bundle:node'
    negate: false
    context_mapping:
      node: '@node.node_route_context:node'
    bundles:
      vactory_academy: vactory_academy
