uuid: 59823d6c-76b3-4c07-93ab-a9ae7b74ecac
langcode: fr
status: true
dependencies:
  config:
    - entityqueue.entity_queue.vactory_partner_slider_block
_core:
  default_config_hash: oUlM7QmCnEW_u_lVp6MVctnzCwugFR3mzn3lWczq3xg
id: entity_subqueue.vactory_partner_slider_block
target_entity_type_id: entity_subqueue
target_bundle: vactory_partner_slider_block
default_langcode: current_interface
language_alterable: false
